github.com/go-telegram/bot v1.14.1 h1:ySVCITvYsvBSiChOmr6GolLUcWX2T/ugykc2rjIaaQg=
github.com/go-telegram/bot v1.14.1/go.mod h1:i2TRs7fXWIeaceF3z7KzsMt/he0TwkVC680mvdTFYeM=
github.com/go-telegram/ui v0.5.0 h1:RmaF0Fh9qu7XLqRWNIkCsOFPq4Vtgq0dAWuzif0To3E=
github.com/go-telegram/ui v0.5.0/go.mod h1:oInhKEPvNvVeEWSpiIIYXDSdapP1dgDjITD8bQ73e2c=
